// !$*UTF8*$!
{
	archiveVersion = 1;
	classes = {
	};
	objectVersion = 56;
	objects = {

/* Begin PBXBuildFile section */
		576F65B22D673F780037EDB7 /* CustomInfoTextField.swift in Sources */ = {isa = PBXBuildFile; fileRef = 576F65B12D673F780037EDB7 /* CustomInfoTextField.swift */; };
		576F65B42D673F930037EDB7 /* SectionHeaderView.swift in Sources */ = {isa = PBXBuildFile; fileRef = 576F65B32D673F930037EDB7 /* SectionHeaderView.swift */; };
		576F65B62D673FA90037EDB7 /* PersonalInfoCellView.swift in Sources */ = {isa = PBXBuildFile; fileRef = 576F65B52D673FA90037EDB7 /* PersonalInfoCellView.swift */; };
		576F65B82D6756590037EDB7 /* R.generated.swift in Sources */ = {isa = PBXBuildFile; fileRef = 576F65B72D6756590037EDB7 /* R.generated.swift */; };
		576F65BA2D675AFA0037EDB7 /* ChildInfoCellView.swift in Sources */ = {isa = PBXBuildFile; fileRef = 576F65B92D675AFA0037EDB7 /* ChildInfoCellView.swift */; };
		576F65BC2D6773850037EDB7 /* UIView + ext.swift in Sources */ = {isa = PBXBuildFile; fileRef = 576F65BB2D6773850037EDB7 /* UIView + ext.swift */; };
		57EC42E62D6476F1000809B3 /* AppDelegate.swift in Sources */ = {isa = PBXBuildFile; fileRef = 57EC42E52D6476F1000809B3 /* AppDelegate.swift */; };
		57EC42E82D6476F1000809B3 /* SceneDelegate.swift in Sources */ = {isa = PBXBuildFile; fileRef = 57EC42E72D6476F1000809B3 /* SceneDelegate.swift */; };
		57EC42EA2D6476F1000809B3 /* PersonalInfoViewController.swift in Sources */ = {isa = PBXBuildFile; fileRef = 57EC42E92D6476F1000809B3 /* PersonalInfoViewController.swift */; };
		57EC42EF2D6476F3000809B3 /* Assets.xcassets in Resources */ = {isa = PBXBuildFile; fileRef = 57EC42EE2D6476F3000809B3 /* Assets.xcassets */; };
		57EC42F22D6476F3000809B3 /* LaunchScreen.storyboard in Resources */ = {isa = PBXBuildFile; fileRef = 57EC42F02D6476F3000809B3 /* LaunchScreen.storyboard */; };
/* End PBXBuildFile section */

/* Begin PBXFileReference section */
		576F65B12D673F780037EDB7 /* CustomInfoTextField.swift */ = {isa = PBXFileReference; lastKnownFileType = sourcecode.swift; path = CustomInfoTextField.swift; sourceTree = "<group>"; };
		576F65B32D673F930037EDB7 /* SectionHeaderView.swift */ = {isa = PBXFileReference; lastKnownFileType = sourcecode.swift; path = SectionHeaderView.swift; sourceTree = "<group>"; };
		576F65B52D673FA90037EDB7 /* PersonalInfoCellView.swift */ = {isa = PBXFileReference; lastKnownFileType = sourcecode.swift; path = PersonalInfoCellView.swift; sourceTree = "<group>"; };
		576F65B72D6756590037EDB7 /* R.generated.swift */ = {isa = PBXFileReference; lastKnownFileType = sourcecode.swift; path = R.generated.swift; sourceTree = "<group>"; };
		576F65B92D675AFA0037EDB7 /* ChildInfoCellView.swift */ = {isa = PBXFileReference; lastKnownFileType = sourcecode.swift; path = ChildInfoCellView.swift; sourceTree = "<group>"; };
		576F65BB2D6773850037EDB7 /* UIView + ext.swift */ = {isa = PBXFileReference; lastKnownFileType = sourcecode.swift; path = "UIView + ext.swift"; sourceTree = "<group>"; };
		57EC42E22D6476F1000809B3 /* AlefTest.app */ = {isa = PBXFileReference; explicitFileType = wrapper.application; includeInIndex = 0; path = AlefTest.app; sourceTree = BUILT_PRODUCTS_DIR; };
		57EC42E52D6476F1000809B3 /* AppDelegate.swift */ = {isa = PBXFileReference; lastKnownFileType = sourcecode.swift; path = AppDelegate.swift; sourceTree = "<group>"; };
		57EC42E72D6476F1000809B3 /* SceneDelegate.swift */ = {isa = PBXFileReference; lastKnownFileType = sourcecode.swift; path = SceneDelegate.swift; sourceTree = "<group>"; };
		57EC42E92D6476F1000809B3 /* PersonalInfoViewController.swift */ = {isa = PBXFileReference; lastKnownFileType = sourcecode.swift; path = PersonalInfoViewController.swift; sourceTree = "<group>"; };
		57EC42EE2D6476F3000809B3 /* Assets.xcassets */ = {isa = PBXFileReference; lastKnownFileType = folder.assetcatalog; path = Assets.xcassets; sourceTree = "<group>"; };
		57EC42F12D6476F3000809B3 /* Base */ = {isa = PBXFileReference; lastKnownFileType = file.storyboard; name = Base; path = Base.lproj/LaunchScreen.storyboard; sourceTree = "<group>"; };
		57EC42F32D6476F3000809B3 /* Info.plist */ = {isa = PBXFileReference; lastKnownFileType = text.plist.xml; path = Info.plist; sourceTree = "<group>"; };
/* End PBXFileReference section */

/* Begin PBXFrameworksBuildPhase section */
		57EC42DF2D6476F1000809B3 /* Frameworks */ = {
			isa = PBXFrameworksBuildPhase;
			buildActionMask = 2147483647;
			files = (
			);
			runOnlyForDeploymentPostprocessing = 0;
		};
/* End PBXFrameworksBuildPhase section */

/* Begin PBXGroup section */
		576F65A92D673E850037EDB7 /* SupportingFiles */ = {
			isa = PBXGroup;
			children = (
				57EC42EE2D6476F3000809B3 /* Assets.xcassets */,
				57EC42F02D6476F3000809B3 /* LaunchScreen.storyboard */,
				57EC42F32D6476F3000809B3 /* Info.plist */,
			);
			path = SupportingFiles;
			sourceTree = "<group>";
		};
		576F65AA2D673E920037EDB7 /* Helpers */ = {
			isa = PBXGroup;
			children = (
				576F65BD2D6773FD0037EDB7 /* Extensions */,
				576F65B72D6756590037EDB7 /* R.generated.swift */,
			);
			path = Helpers;
			sourceTree = "<group>";
		};
		576F65AB2D673E980037EDB7 /* Controllers */ = {
			isa = PBXGroup;
			children = (
				576F65AC2D673EC20037EDB7 /* PersonalInfoView */,
			);
			path = Controllers;
			sourceTree = "<group>";
		};
		576F65AC2D673EC20037EDB7 /* PersonalInfoView */ = {
			isa = PBXGroup;
			children = (
				576F65AE2D673F340037EDB7 /* Views */,
				57EC42E92D6476F1000809B3 /* PersonalInfoViewController.swift */,
			);
			path = PersonalInfoView;
			sourceTree = "<group>";
		};
		576F65AD2D673EDF0037EDB7 /* Application */ = {
			isa = PBXGroup;
			children = (
				57EC42E52D6476F1000809B3 /* AppDelegate.swift */,
				57EC42E72D6476F1000809B3 /* SceneDelegate.swift */,
			);
			path = Application;
			sourceTree = "<group>";
		};
		576F65AE2D673F340037EDB7 /* Views */ = {
			isa = PBXGroup;
			children = (
				576F65B02D673F420037EDB7 /* TextField */,
				576F65AF2D673F3B0037EDB7 /* TableView */,
			);
			path = Views;
			sourceTree = "<group>";
		};
		576F65AF2D673F3B0037EDB7 /* TableView */ = {
			isa = PBXGroup;
			children = (
				576F65B32D673F930037EDB7 /* SectionHeaderView.swift */,
				576F65B52D673FA90037EDB7 /* PersonalInfoCellView.swift */,
				576F65B92D675AFA0037EDB7 /* ChildInfoCellView.swift */,
			);
			path = TableView;
			sourceTree = "<group>";
		};
		576F65B02D673F420037EDB7 /* TextField */ = {
			isa = PBXGroup;
			children = (
				576F65B12D673F780037EDB7 /* CustomInfoTextField.swift */,
			);
			path = TextField;
			sourceTree = "<group>";
		};
		576F65BD2D6773FD0037EDB7 /* Extensions */ = {
			isa = PBXGroup;
			children = (
				576F65BB2D6773850037EDB7 /* UIView + ext.swift */,
			);
			path = Extensions;
			sourceTree = "<group>";
		};
		57EC42D92D6476F0000809B3 = {
			isa = PBXGroup;
			children = (
				57EC42E42D6476F1000809B3 /* AlefTest */,
				57EC42E32D6476F1000809B3 /* Products */,
			);
			sourceTree = "<group>";
		};
		57EC42E32D6476F1000809B3 /* Products */ = {
			isa = PBXGroup;
			children = (
				57EC42E22D6476F1000809B3 /* AlefTest.app */,
			);
			name = Products;
			sourceTree = "<group>";
		};
		57EC42E42D6476F1000809B3 /* AlefTest */ = {
			isa = PBXGroup;
			children = (
				576F65AD2D673EDF0037EDB7 /* Application */,
				576F65AB2D673E980037EDB7 /* Controllers */,
				576F65AA2D673E920037EDB7 /* Helpers */,
				576F65A92D673E850037EDB7 /* SupportingFiles */,
			);
			path = AlefTest;
			sourceTree = "<group>";
		};
/* End PBXGroup section */

/* Begin PBXNativeTarget section */
		57EC42E12D6476F1000809B3 /* AlefTest */ = {
			isa = PBXNativeTarget;
			buildConfigurationList = 57EC42F62D6476F3000809B3 /* Build configuration list for PBXNativeTarget "AlefTest" */;
			buildPhases = (
				57EC42DE2D6476F1000809B3 /* Sources */,
				57EC42DF2D6476F1000809B3 /* Frameworks */,
				57EC42E02D6476F1000809B3 /* Resources */,
			);
			buildRules = (
			);
			dependencies = (
			);
			name = AlefTest;
			productName = AlefTest;
			productReference = 57EC42E22D6476F1000809B3 /* AlefTest.app */;
			productType = "com.apple.product-type.application";
		};
/* End PBXNativeTarget section */

/* Begin PBXProject section */
		57EC42DA2D6476F0000809B3 /* Project object */ = {
			isa = PBXProject;
			attributes = {
				BuildIndependentTargetsInParallel = 1;
				LastSwiftUpdateCheck = 1520;
				LastUpgradeCheck = 1520;
				TargetAttributes = {
					57EC42E12D6476F1000809B3 = {
						CreatedOnToolsVersion = 15.2;
					};
				};
			};
			buildConfigurationList = 57EC42DD2D6476F0000809B3 /* Build configuration list for PBXProject "AlefTest" */;
			compatibilityVersion = "Xcode 14.0";
			developmentRegion = en;
			hasScannedForEncodings = 0;
			knownRegions = (
				en,
				Base,
			);
			mainGroup = 57EC42D92D6476F0000809B3;
			productRefGroup = 57EC42E32D6476F1000809B3 /* Products */;
			projectDirPath = "";
			projectRoot = "";
			targets = (
				57EC42E12D6476F1000809B3 /* AlefTest */,
			);
		};
/* End PBXProject section */

/* Begin PBXResourcesBuildPhase section */
		57EC42E02D6476F1000809B3 /* Resources */ = {
			isa = PBXResourcesBuildPhase;
			buildActionMask = 2147483647;
			files = (
				57EC42F22D6476F3000809B3 /* LaunchScreen.storyboard in Resources */,
				57EC42EF2D6476F3000809B3 /* Assets.xcassets in Resources */,
			);
			runOnlyForDeploymentPostprocessing = 0;
		};
/* End PBXResourcesBuildPhase section */

/* Begin PBXSourcesBuildPhase section */
		57EC42DE2D6476F1000809B3 /* Sources */ = {
			isa = PBXSourcesBuildPhase;
			buildActionMask = 2147483647;
			files = (
				576F65B62D673FA90037EDB7 /* PersonalInfoCellView.swift in Sources */,
				576F65BC2D6773850037EDB7 /* UIView + ext.swift in Sources */,
				576F65B82D6756590037EDB7 /* R.generated.swift in Sources */,
				576F65B22D673F780037EDB7 /* CustomInfoTextField.swift in Sources */,
				57EC42EA2D6476F1000809B3 /* PersonalInfoViewController.swift in Sources */,
				576F65B42D673F930037EDB7 /* SectionHeaderView.swift in Sources */,
				576F65BA2D675AFA0037EDB7 /* ChildInfoCellView.swift in Sources */,
				57EC42E62D6476F1000809B3 /* AppDelegate.swift in Sources */,
				57EC42E82D6476F1000809B3 /* SceneDelegate.swift in Sources */,
			);
			runOnlyForDeploymentPostprocessing = 0;
		};
/* End PBXSourcesBuildPhase section */

/* Begin PBXVariantGroup section */
		57EC42F02D6476F3000809B3 /* LaunchScreen.storyboard */ = {
			isa = PBXVariantGroup;
			children = (
				57EC42F12D6476F3000809B3 /* Base */,
			);
			name = LaunchScreen.storyboard;
			sourceTree = "<group>";
		};
/* End PBXVariantGroup section */

/* Begin XCBuildConfiguration section */
		57EC42F42D6476F3000809B3 /* Debug */ = {
			isa = XCBuildConfiguration;
			buildSettings = {
				ALWAYS_SEARCH_USER_PATHS = NO;
				ASSETCATALOG_COMPILER_GENERATE_SWIFT_ASSET_SYMBOL_EXTENSIONS = YES;
				CLANG_ANALYZER_NONNULL = YES;
				CLANG_ANALYZER_NUMBER_OBJECT_CONVERSION = YES_AGGRESSIVE;
				CLANG_CXX_LANGUAGE_STANDARD = "gnu++20";
				CLANG_ENABLE_MODULES = YES;
				CLANG_ENABLE_OBJC_ARC = YES;
				CLANG_ENABLE_OBJC_WEAK = YES;
				CLANG_WARN_BLOCK_CAPTURE_AUTORELEASING = YES;
				CLANG_WARN_BOOL_CONVERSION = YES;
				CLANG_WARN_COMMA = YES;
				CLANG_WARN_CONSTANT_CONVERSION = YES;
				CLANG_WARN_DEPRECATED_OBJC_IMPLEMENTATIONS = YES;
				CLANG_WARN_DIRECT_OBJC_ISA_USAGE = YES_ERROR;
				CLANG_WARN_DOCUMENTATION_COMMENTS = YES;
				CLANG_WARN_EMPTY_BODY = YES;
				CLANG_WARN_ENUM_CONVERSION = YES;
				CLANG_WARN_INFINITE_RECURSION = YES;
				CLANG_WARN_INT_CONVERSION = YES;
				CLANG_WARN_NON_LITERAL_NULL_CONVERSION = YES;
				CLANG_WARN_OBJC_IMPLICIT_RETAIN_SELF = YES;
				CLANG_WARN_OBJC_LITERAL_CONVERSION = YES;
				CLANG_WARN_OBJC_ROOT_CLASS = YES_ERROR;
				CLANG_WARN_QUOTED_INCLUDE_IN_FRAMEWORK_HEADER = YES;
				CLANG_WARN_RANGE_LOOP_ANALYSIS = YES;
				CLANG_WARN_STRICT_PROTOTYPES = YES;
				CLANG_WARN_SUSPICIOUS_MOVE = YES;
				CLANG_WARN_UNGUARDED_AVAILABILITY = YES_AGGRESSIVE;
				CLANG_WARN_UNREACHABLE_CODE = YES;
				CLANG_WARN__DUPLICATE_METHOD_MATCH = YES;
				COPY_PHASE_STRIP = NO;
				DEBUG_INFORMATION_FORMAT = dwarf;
				ENABLE_STRICT_OBJC_MSGSEND = YES;
				ENABLE_TESTABILITY = YES;
				ENABLE_USER_SCRIPT_SANDBOXING = YES;
				GCC_C_LANGUAGE_STANDARD = gnu17;
				GCC_DYNAMIC_NO_PIC = NO;
				GCC_NO_COMMON_BLOCKS = YES;
				GCC_OPTIMIZATION_LEVEL = 0;
				GCC_PREPROCESSOR_DEFINITIONS = (
					"DEBUG=1",
					"$(inherited)",
				);
				GCC_WARN_64_TO_32_BIT_CONVERSION = YES;
				GCC_WARN_ABOUT_RETURN_TYPE = YES_ERROR;
				GCC_WARN_UNDECLARED_SELECTOR = YES;
				GCC_WARN_UNINITIALIZED_AUTOS = YES_AGGRESSIVE;
				GCC_WARN_UNUSED_FUNCTION = YES;
				GCC_WARN_UNUSED_VARIABLE = YES;
				IPHONEOS_DEPLOYMENT_TARGET = 15.0;
				LOCALIZATION_PREFERS_STRING_CATALOGS = YES;
				MTL_ENABLE_DEBUG_INFO = INCLUDE_SOURCE;
				MTL_FAST_MATH = YES;
				ONLY_ACTIVE_ARCH = YES;
				SDKROOT = iphoneos;
				SWIFT_ACTIVE_COMPILATION_CONDITIONS = "DEBUG $(inherited)";
				SWIFT_OPTIMIZATION_LEVEL = "-Onone";
			};
			name = Debug;
		};
		57EC42F52D6476F3000809B3 /* Release */ = {
			isa = XCBuildConfiguration;
			buildSettings = {
				ALWAYS_SEARCH_USER_PATHS = NO;
				ASSETCATALOG_COMPILER_GENERATE_SWIFT_ASSET_SYMBOL_EXTENSIONS = YES;
				CLANG_ANALYZER_NONNULL = YES;
				CLANG_ANALYZER_NUMBER_OBJECT_CONVERSION = YES_AGGRESSIVE;
				CLANG_CXX_LANGUAGE_STANDARD = "gnu++20";
				CLANG_ENABLE_MODULES = YES;
				CLANG_ENABLE_OBJC_ARC = YES;
				CLANG_ENABLE_OBJC_WEAK = YES;
				CLANG_WARN_BLOCK_CAPTURE_AUTORELEASING = YES;
				CLANG_WARN_BOOL_CONVERSION = YES;
				CLANG_WARN_COMMA = YES;
				CLANG_WARN_CONSTANT_CONVERSION = YES;
				CLANG_WARN_DEPRECATED_OBJC_IMPLEMENTATIONS = YES;
				CLANG_WARN_DIRECT_OBJC_ISA_USAGE = YES_ERROR;
				CLANG_WARN_DOCUMENTATION_COMMENTS = YES;
				CLANG_WARN_EMPTY_BODY = YES;
				CLANG_WARN_ENUM_CONVERSION = YES;
				CLANG_WARN_INFINITE_RECURSION = YES;
				CLANG_WARN_INT_CONVERSION = YES;
				CLANG_WARN_NON_LITERAL_NULL_CONVERSION = YES;
				CLANG_WARN_OBJC_IMPLICIT_RETAIN_SELF = YES;
				CLANG_WARN_OBJC_LITERAL_CONVERSION = YES;
				CLANG_WARN_OBJC_ROOT_CLASS = YES_ERROR;
				CLANG_WARN_QUOTED_INCLUDE_IN_FRAMEWORK_HEADER = YES;
				CLANG_WARN_RANGE_LOOP_ANALYSIS = YES;
				CLANG_WARN_STRICT_PROTOTYPES = YES;
				CLANG_WARN_SUSPICIOUS_MOVE = YES;
				CLANG_WARN_UNGUARDED_AVAILABILITY = YES_AGGRESSIVE;
				CLANG_WARN_UNREACHABLE_CODE = YES;
				CLANG_WARN__DUPLICATE_METHOD_MATCH = YES;
				COPY_PHASE_STRIP = NO;
				DEBUG_INFORMATION_FORMAT = "dwarf-with-dsym";
				ENABLE_NS_ASSERTIONS = NO;
				ENABLE_STRICT_OBJC_MSGSEND = YES;
				ENABLE_USER_SCRIPT_SANDBOXING = YES;
				GCC_C_LANGUAGE_STANDARD = gnu17;
				GCC_NO_COMMON_BLOCKS = YES;
				GCC_WARN_64_TO_32_BIT_CONVERSION = YES;
				GCC_WARN_ABOUT_RETURN_TYPE = YES_ERROR;
				GCC_WARN_UNDECLARED_SELECTOR = YES;
				GCC_WARN_UNINITIALIZED_AUTOS = YES_AGGRESSIVE;
				GCC_WARN_UNUSED_FUNCTION = YES;
				GCC_WARN_UNUSED_VARIABLE = YES;
				IPHONEOS_DEPLOYMENT_TARGET = 15.0;
				LOCALIZATION_PREFERS_STRING_CATALOGS = YES;
				MTL_ENABLE_DEBUG_INFO = NO;
				MTL_FAST_MATH = YES;
				SDKROOT = iphoneos;
				SWIFT_COMPILATION_MODE = wholemodule;
				VALIDATE_PRODUCT = YES;
			};
			name = Release;
		};
		57EC42F72D6476F3000809B3 /* Debug */ = {
			isa = XCBuildConfiguration;
			buildSettings = {
				ASSETCATALOG_COMPILER_APPICON_NAME = AppIcon;
				ASSETCATALOG_COMPILER_GLOBAL_ACCENT_COLOR_NAME = AccentColor;
				CODE_SIGN_STYLE = Automatic;
				CURRENT_PROJECT_VERSION = 1;
				DEVELOPMENT_TEAM = LJZ97X76W9;
				GENERATE_INFOPLIST_FILE = YES;
				INFOPLIST_FILE = AlefTest/SupportingFiles/Info.plist;
				INFOPLIST_KEY_UIApplicationSupportsIndirectInputEvents = YES;
				INFOPLIST_KEY_UILaunchStoryboardName = LaunchScreen;
				INFOPLIST_KEY_UIMainStoryboardFile = "";
				INFOPLIST_KEY_UISupportedInterfaceOrientations_iPad = "UIInterfaceOrientationPortrait UIInterfaceOrientationPortraitUpsideDown UIInterfaceOrientationLandscapeLeft UIInterfaceOrientationLandscapeRight";
				INFOPLIST_KEY_UISupportedInterfaceOrientations_iPhone = "UIInterfaceOrientationPortrait UIInterfaceOrientationLandscapeLeft UIInterfaceOrientationLandscapeRight";
				IPHONEOS_DEPLOYMENT_TARGET = 15.0;
				LD_RUNPATH_SEARCH_PATHS = (
					"$(inherited)",
					"@executable_path/Frameworks",
				);
				MARKETING_VERSION = 1.0;
				PRODUCT_BUNDLE_IDENTIFIER = com.kitreezy.AlefTest;
				PRODUCT_NAME = "$(TARGET_NAME)";
				SWIFT_EMIT_LOC_STRINGS = YES;
				SWIFT_VERSION = 5.0;
				TARGETED_DEVICE_FAMILY = "1,2";
			};
			name = Debug;
		};
		57EC42F82D6476F3000809B3 /* Release */ = {
			isa = XCBuildConfiguration;
			buildSettings = {
				ASSETCATALOG_COMPILER_APPICON_NAME = AppIcon;
				ASSETCATALOG_COMPILER_GLOBAL_ACCENT_COLOR_NAME = AccentColor;
				CODE_SIGN_STYLE = Automatic;
				CURRENT_PROJECT_VERSION = 1;
				DEVELOPMENT_TEAM = LJZ97X76W9;
				GENERATE_INFOPLIST_FILE = YES;
				INFOPLIST_FILE = AlefTest/SupportingFiles/Info.plist;
				INFOPLIST_KEY_UIApplicationSupportsIndirectInputEvents = YES;
				INFOPLIST_KEY_UILaunchStoryboardName = LaunchScreen;
				INFOPLIST_KEY_UIMainStoryboardFile = "";
				INFOPLIST_KEY_UISupportedInterfaceOrientations_iPad = "UIInterfaceOrientationPortrait UIInterfaceOrientationPortraitUpsideDown UIInterfaceOrientationLandscapeLeft UIInterfaceOrientationLandscapeRight";
				INFOPLIST_KEY_UISupportedInterfaceOrientations_iPhone = "UIInterfaceOrientationPortrait UIInterfaceOrientationLandscapeLeft UIInterfaceOrientationLandscapeRight";
				IPHONEOS_DEPLOYMENT_TARGET = 15.0;
				LD_RUNPATH_SEARCH_PATHS = (
					"$(inherited)",
					"@executable_path/Frameworks",
				);
				MARKETING_VERSION = 1.0;
				PRODUCT_BUNDLE_IDENTIFIER = com.kitreezy.AlefTest;
				PRODUCT_NAME = "$(TARGET_NAME)";
				SWIFT_EMIT_LOC_STRINGS = YES;
				SWIFT_VERSION = 5.0;
				TARGETED_DEVICE_FAMILY = "1,2";
			};
			name = Release;
		};
/* End XCBuildConfiguration section */

/* Begin XCConfigurationList section */
		57EC42DD2D6476F0000809B3 /* Build configuration list for PBXProject "AlefTest" */ = {
			isa = XCConfigurationList;
			buildConfigurations = (
				57EC42F42D6476F3000809B3 /* Debug */,
				57EC42F52D6476F3000809B3 /* Release */,
			);
			defaultConfigurationIsVisible = 0;
			defaultConfigurationName = Release;
		};
		57EC42F62D6476F3000809B3 /* Build configuration list for PBXNativeTarget "AlefTest" */ = {
			isa = XCConfigurationList;
			buildConfigurations = (
				57EC42F72D6476F3000809B3 /* Debug */,
				57EC42F82D6476F3000809B3 /* Release */,
			);
			defaultConfigurationIsVisible = 0;
			defaultConfigurationName = Release;
		};
/* End XCConfigurationList section */
	};
	rootObject = 57EC42DA2D6476F0000809B3 /* Project object */;
}
